
Microsoft Visual Studio Solution File, Format Version 12.00
# Visual Studio 15
VisualStudioVersion = 15.0.26124.0
MinimumVisualStudioVersion = 15.0.26124.0
Project("{2150E333-8FDC-42A3-9474-1A3956D46DE8}") = "src", "src", "{CB725BA5-5CE3-4A5D-B212-773DB0566812}"
EndProject
Project("{FAE04EC0-301F-11D3-BF4B-00C04F79EFBC}") = "SpellPrice", "src\SpellPrice\SpellPrice.csproj", "{2B6473A6-E12E-422F-8A3C-E5374AA1301A}"
EndProject
Project("{2150E333-8FDC-42A3-9474-1A3956D46DE8}") = "test", "test", "{4411E4AE-5183-44B3-B24F-3942D9671E84}"
EndProject
Project("{FAE04EC0-301F-11D3-BF4B-00C04F79EFBC}") = "SpellPrice.Tests", "test\SpellPrice.Tests\SpellPrice.Tests.csproj", "{16EFA649-5B64-43E6-88E5-7B583B3FBFD9}"
EndProject
Global
	GlobalSection(SolutionConfigurationPlatforms) = preSolution
		Debug|Any CPU = Debug|Any CPU
		Debug|x64 = Debug|x64
		Debug|x86 = Debug|x86
		Release|Any CPU = Release|Any CPU
		Release|x64 = Release|x64
		Release|x86 = Release|x86
	EndGlobalSection
	GlobalSection(SolutionProperties) = preSolution
		HideSolutionNode = FALSE
	EndGlobalSection
	GlobalSection(ProjectConfigurationPlatforms) = postSolution
		{2B6473A6-E12E-422F-8A3C-E5374AA1301A}.Debug|Any CPU.ActiveCfg = Debug|Any CPU
		{2B6473A6-E12E-422F-8A3C-E5374AA1301A}.Debug|Any CPU.Build.0 = Debug|Any CPU
		{2B6473A6-E12E-422F-8A3C-E5374AA1301A}.Debug|x64.ActiveCfg = Debug|Any CPU
		{2B6473A6-E12E-422F-8A3C-E5374AA1301A}.Debug|x64.Build.0 = Debug|Any CPU
		{2B6473A6-E12E-422F-8A3C-E5374AA1301A}.Debug|x86.ActiveCfg = Debug|Any CPU
		{2B6473A6-E12E-422F-8A3C-E5374AA1301A}.Debug|x86.Build.0 = Debug|Any CPU
		{2B6473A6-E12E-422F-8A3C-E5374AA1301A}.Release|Any CPU.ActiveCfg = Release|Any CPU
		{2B6473A6-E12E-422F-8A3C-E5374AA1301A}.Release|Any CPU.Build.0 = Release|Any CPU
		{2B6473A6-E12E-422F-8A3C-E5374AA1301A}.Release|x64.ActiveCfg = Release|Any CPU
		{2B6473A6-E12E-422F-8A3C-E5374AA1301A}.Release|x64.Build.0 = Release|Any CPU
		{2B6473A6-E12E-422F-8A3C-E5374AA1301A}.Release|x86.ActiveCfg = Release|Any CPU
		{2B6473A6-E12E-422F-8A3C-E5374AA1301A}.Release|x86.Build.0 = Release|Any CPU
		{16EFA649-5B64-43E6-88E5-7B583B3FBFD9}.Debug|Any CPU.ActiveCfg = Debug|Any CPU
		{16EFA649-5B64-43E6-88E5-7B583B3FBFD9}.Debug|Any CPU.Build.0 = Debug|Any CPU
		{16EFA649-5B64-43E6-88E5-7B583B3FBFD9}.Debug|x64.ActiveCfg = Debug|Any CPU
		{16EFA649-5B64-43E6-88E5-7B583B3FBFD9}.Debug|x64.Build.0 = Debug|Any CPU
		{16EFA649-5B64-43E6-88E5-7B583B3FBFD9}.Debug|x86.ActiveCfg = Debug|Any CPU
		{16EFA649-5B64-43E6-88E5-7B583B3FBFD9}.Debug|x86.Build.0 = Debug|Any CPU
		{16EFA649-5B64-43E6-88E5-7B583B3FBFD9}.Release|Any CPU.ActiveCfg = Release|Any CPU
		{16EFA649-5B64-43E6-88E5-7B583B3FBFD9}.Release|Any CPU.Build.0 = Release|Any CPU
		{16EFA649-5B64-43E6-88E5-7B583B3FBFD9}.Release|x64.ActiveCfg = Release|Any CPU
		{16EFA649-5B64-43E6-88E5-7B583B3FBFD9}.Release|x64.Build.0 = Release|Any CPU
		{16EFA649-5B64-43E6-88E5-7B583B3FBFD9}.Release|x86.ActiveCfg = Release|Any CPU
		{16EFA649-5B64-43E6-88E5-7B583B3FBFD9}.Release|x86.Build.0 = Release|Any CPU
	EndGlobalSection
	GlobalSection(NestedProjects) = preSolution
		{2B6473A6-E12E-422F-8A3C-E5374AA1301A} = {CB725BA5-5CE3-4A5D-B212-773DB0566812}
		{16EFA649-5B64-43E6-88E5-7B583B3FBFD9} = {4411E4AE-5183-44B3-B24F-3942D9671E84}
	EndGlobalSection
EndGlobal
